// !$*UTF8*$!
{
	archiveVersion = 1;
	classes = {
	};
	objectVersion = 46;
	objects = {

/* Begin PBXBuildFile section */
		8902F46A1B294345002D6CAA /* AppDelegate.swift in Sources */ = {isa = PBXBuildFile; fileRef = 8902F4691B294345002D6CAA /* AppDelegate.swift */; };
		8902F46D1B294345002D6CAA /* smart_switch_hub.xcdatamodeld in Sources */ = {isa = PBXBuildFile; fileRef = 8902F46B1B294345002D6CAA /* smart_switch_hub.xcdatamodeld */; };
		8902F46F1B294345002D6CAA /* ViewController.swift in Sources */ = {isa = PBXBuildFile; fileRef = 8902F46E1B294345002D6CAA /* ViewController.swift */; };
		8902F4721B294345002D6CAA /* Main.storyboard in Resources */ = {isa = PBXBuildFile; fileRef = 8902F4701B294345002D6CAA /* Main.storyboard */; };
		8902F4741B294345002D6CAA /* Images.xcassets in Resources */ = {isa = PBXBuildFile; fileRef = 8902F4731B294345002D6CAA /* Images.xcassets */; };
		8902F4771B294345002D6CAA /* LaunchScreen.xib in Resources */ = {isa = PBXBuildFile; fileRef = 8902F4751B294345002D6CAA /* LaunchScreen.xib */; };
		8902F4831B294345002D6CAA /* smart_switch_hubTests.swift in Sources */ = {isa = PBXBuildFile; fileRef = 8902F4821B294345002D6CAA /* smart_switch_hubTests.swift */; };
/* End PBXBuildFile section */

/* Begin PBXContainerItemProxy section */
		8902F47D1B294345002D6CAA /* PBXContainerItemProxy */ = {
			isa = PBXContainerItemProxy;
			containerPortal = 8902F45C1B294345002D6CAA /* Project object */;
			proxyType = 1;
			remoteGlobalIDString = 8902F4631B294345002D6CAA;
			remoteInfo = "smart switch hub";
		};
/* End PBXContainerItemProxy section */

/* Begin PBXFileReference section */
		8902F4641B294345002D6CAA /* smart switch hub.app */ = {isa = PBXFileReference; explicitFileType = wrapper.application; includeInIndex = 0; path = "smart switch hub.app"; sourceTree = BUILT_PRODUCTS_DIR; };
		8902F4681B294345002D6CAA /* Info.plist */ = {isa = PBXFileReference; lastKnownFileType = text.plist.xml; path = Info.plist; sourceTree = "<group>"; };
		8902F4691B294345002D6CAA /* AppDelegate.swift */ = {isa = PBXFileReference; lastKnownFileType = sourcecode.swift; path = AppDelegate.swift; sourceTree = "<group>"; };
		8902F46C1B294345002D6CAA /* smart_switch_hub.xcdatamodel */ = {isa = PBXFileReference; lastKnownFileType = wrapper.xcdatamodel; path = smart_switch_hub.xcdatamodel; sourceTree = "<group>"; };
		8902F46E1B294345002D6CAA /* ViewController.swift */ = {isa = PBXFileReference; lastKnownFileType = sourcecode.swift; path = ViewController.swift; sourceTree = "<group>"; };
		8902F4711B294345002D6CAA /* Base */ = {isa = PBXFileReference; lastKnownFileType = file.storyboard; name = Base; path = Base.lproj/Main.storyboard; sourceTree = "<group>"; };
		8902F4731B294345002D6CAA /* Images.xcassets */ = {isa = PBXFileReference; lastKnownFileType = folder.assetcatalog; path = Images.xcassets; sourceTree = "<group>"; };
		8902F4761B294345002D6CAA /* Base */ = {isa = PBXFileReference; lastKnownFileType = file.xib; name = Base; path = Base.lproj/LaunchScreen.xib; sourceTree = "<group>"; };
		8902F47C1B294345002D6CAA /* smart switch hubTests.xctest */ = {isa = PBXFileReference; explicitFileType = wrapper.cfbundle; includeInIndex = 0; path = "smart switch hubTests.xctest"; sourceTree = BUILT_PRODUCTS_DIR; };
		8902F4811B294345002D6CAA /* Info.plist */ = {isa = PBXFileReference; lastKnownFileType = text.plist.xml; path = Info.plist; sourceTree = "<group>"; };
		8902F4821B294345002D6CAA /* smart_switch_hubTests.swift */ = {isa = PBXFileReference; lastKnownFileType = sourcecode.swift; path = smart_switch_hubTests.swift; sourceTree = "<group>"; };
/* End PBXFileReference section */

/* Begin PBXFrameworksBuildPhase section */
		8902F4611B294345002D6CAA /* Frameworks */ = {
			isa = PBXFrameworksBuildPhase;
			buildActionMask = 2147483647;
			files = (
			);
			runOnlyForDeploymentPostprocessing = 0;
		};
		8902F4791B294345002D6CAA /* Frameworks */ = {
			isa = PBXFrameworksBuildPhase;
			buildActionMask = 2147483647;
			files = (
			);
			runOnlyForDeploymentPostprocessing = 0;
		};
/* End PBXFrameworksBuildPhase section */

/* Begin PBXGroup section */
		8902F45B1B294345002D6CAA = {
			isa = PBXGroup;
			children = (
				8902F4661B294345002D6CAA /* smart switch hub */,
				8902F47F1B294345002D6CAA /* smart switch hubTests */,
				8902F4651B294345002D6CAA /* Products */,
			);
			sourceTree = "<group>";
		};
		8902F4651B294345002D6CAA /* Products */ = {
			isa = PBXGroup;
			children = (
				8902F4641B294345002D6CAA /* smart switch hub.app */,
				8902F47C1B294345002D6CAA /* smart switch hubTests.xctest */,
			);
			name = Products;
			sourceTree = "<group>";
		};
		8902F4661B294345002D6CAA /* smart switch hub */ = {
			isa = PBXGroup;
			children = (
				8902F4691B294345002D6CAA /* AppDelegate.swift */,
				8902F46E1B294345002D6CAA /* ViewController.swift */,
				8902F4701B294345002D6CAA /* Main.storyboard */,
				8902F4731B294345002D6CAA /* Images.xcassets */,
				8902F4751B294345002D6CAA /* LaunchScreen.xib */,
				8902F46B1B294345002D6CAA /* smart_switch_hub.xcdatamodeld */,
				8902F4671B294345002D6CAA /* Supporting Files */,
			);
			path = "smart switch hub";
			sourceTree = "<group>";
		};
		8902F4671B294345002D6CAA /* Supporting Files */ = {
			isa = PBXGroup;
			children = (
				8902F4681B294345002D6CAA /* Info.plist */,
			);
			name = "Supporting Files";
			sourceTree = "<group>";
		};
		8902F47F1B294345002D6CAA /* smart switch hubTests */ = {
			isa = PBXGroup;
			children = (
				8902F4821B294345002D6CAA /* smart_switch_hubTests.swift */,
				8902F4801B294345002D6CAA /* Supporting Files */,
			);
			path = "smart switch hubTests";
			sourceTree = "<group>";
		};
		8902F4801B294345002D6CAA /* Supporting Files */ = {
			isa = PBXGroup;
			children = (
				8902F4811B294345002D6CAA /* Info.plist */,
			);
			name = "Supporting Files";
			sourceTree = "<group>";
		};
/* End PBXGroup section */

/* Begin PBXNativeTarget section */
		8902F4631B294345002D6CAA /* smart switch hub */ = {
			isa = PBXNativeTarget;
			buildConfigurationList = 8902F4861B294345002D6CAA /* Build configuration list for PBXNativeTarget "smart switch hub" */;
			buildPhases = (
				8902F4601B294345002D6CAA /* Sources */,
				8902F4611B294345002D6CAA /* Frameworks */,
				8902F4621B294345002D6CAA /* Resources */,
			);
			buildRules = (
			);
			dependencies = (
			);
			name = "smart switch hub";
			productName = "smart switch hub";
			productReference = 8902F4641B294345002D6CAA /* smart switch hub.app */;
			productType = "com.apple.product-type.application";
		};
		8902F47B1B294345002D6CAA /* smart switch hubTests */ = {
			isa = PBXNativeTarget;
			buildConfigurationList = 8902F4891B294345002D6CAA /* Build configuration list for PBXNativeTarget "smart switch hubTests" */;
			buildPhases = (
				8902F4781B294345002D6CAA /* Sources */,
				8902F4791B294345002D6CAA /* Frameworks */,
				8902F47A1B294345002D6CAA /* Resources */,
			);
			buildRules = (
			);
			dependencies = (
				8902F47E1B294345002D6CAA /* PBXTargetDependency */,
			);
			name = "smart switch hubTests";
			productName = "smart switch hubTests";
			productReference = 8902F47C1B294345002D6CAA /* smart switch hubTests.xctest */;
			productType = "com.apple.product-type.bundle.unit-test";
		};
/* End PBXNativeTarget section */

/* Begin PBXProject section */
		8902F45C1B294345002D6CAA /* Project object */ = {
			isa = PBXProject;
			attributes = {
				LastUpgradeCheck = 0630;
				ORGANIZATIONNAME = tomasbulva;
				TargetAttributes = {
					8902F4631B294345002D6CAA = {
						CreatedOnToolsVersion = 6.3.2;
					};
					8902F47B1B294345002D6CAA = {
						CreatedOnToolsVersion = 6.3.2;
						TestTargetID = 8902F4631B294345002D6CAA;
					};
				};
			};
			buildConfigurationList = 8902F45F1B294345002D6CAA /* Build configuration list for PBXProject "smart switch hub" */;
			compatibilityVersion = "Xcode 3.2";
			developmentRegion = English;
			hasScannedForEncodings = 0;
			knownRegions = (
				en,
				Base,
			);
			mainGroup = 8902F45B1B294345002D6CAA;
			productRefGroup = 8902F4651B294345002D6CAA /* Products */;
			projectDirPath = "";
			projectRoot = "";
			targets = (
				8902F4631B294345002D6CAA /* smart switch hub */,
				8902F47B1B294345002D6CAA /* smart switch hubTests */,
			);
		};
/* End PBXProject section */

/* Begin PBXResourcesBuildPhase section */
		8902F4621B294345002D6CAA /* Resources */ = {
			isa = PBXResourcesBuildPhase;
			buildActionMask = 2147483647;
			files = (
				8902F4721B294345002D6CAA /* Main.storyboard in Resources */,
				8902F4771B294345002D6CAA /* LaunchScreen.xib in Resources */,
				8902F4741B294345002D6CAA /* Images.xcassets in Resources */,
			);
			runOnlyForDeploymentPostprocessing = 0;
		};
		8902F47A1B294345002D6CAA /* Resources */ = {
			isa = PBXResourcesBuildPhase;
			buildActionMask = 2147483647;
			files = (
			);
			runOnlyForDeploymentPostprocessing = 0;
		};
/* End PBXResourcesBuildPhase section */

/* Begin PBXSourcesBuildPhase section */
		8902F4601B294345002D6CAA /* Sources */ = {
			isa = PBXSourcesBuildPhase;
			buildActionMask = 2147483647;
			files = (
				8902F46F1B294345002D6CAA /* ViewController.swift in Sources */,
				8902F46A1B294345002D6CAA /* AppDelegate.swift in Sources */,
				8902F46D1B294345002D6CAA /* smart_switch_hub.xcdatamodeld in Sources */,
			);
			runOnlyForDeploymentPostprocessing = 0;
		};
		8902F4781B294345002D6CAA /* Sources */ = {
			isa = PBXSourcesBuildPhase;
			buildActionMask = 2147483647;
			files = (
				8902F4831B294345002D6CAA /* smart_switch_hubTests.swift in Sources */,
			);
			runOnlyForDeploymentPostprocessing = 0;
		};
/* End PBXSourcesBuildPhase section */

/* Begin PBXTargetDependency section */
		8902F47E1B294345002D6CAA /* PBXTargetDependency */ = {
			isa = PBXTargetDependency;
			target = 8902F4631B294345002D6CAA /* smart switch hub */;
			targetProxy = 8902F47D1B294345002D6CAA /* PBXContainerItemProxy */;
		};
/* End PBXTargetDependency section */

/* Begin PBXVariantGroup section */
		8902F4701B294345002D6CAA /* Main.storyboard */ = {
			isa = PBXVariantGroup;
			children = (
				8902F4711B294345002D6CAA /* Base */,
			);
			name = Main.storyboard;
			sourceTree = "<group>";
		};
		8902F4751B294345002D6CAA /* LaunchScreen.xib */ = {
			isa = PBXVariantGroup;
			children = (
				8902F4761B294345002D6CAA /* Base */,
			);
			name = LaunchScreen.xib;
			sourceTree = "<group>";
		};
/* End PBXVariantGroup section */

/* Begin XCBuildConfiguration section */
		8902F4841B294345002D6CAA /* Debug */ = {
			isa = XCBuildConfiguration;
			buildSettings = {
				ALWAYS_SEARCH_USER_PATHS = NO;
				CLANG_CXX_LANGUAGE_STANDARD = "gnu++0x";
				CLANG_CXX_LIBRARY = "libc++";
				CLANG_ENABLE_MODULES = YES;
				CLANG_ENABLE_OBJC_ARC = YES;
				CLANG_WARN_BOOL_CONVERSION = YES;
				CLANG_WARN_CONSTANT_CONVERSION = YES;
				CLANG_WARN_DIRECT_OBJC_ISA_USAGE = YES_ERROR;
				CLANG_WARN_EMPTY_BODY = YES;
				CLANG_WARN_ENUM_CONVERSION = YES;
				CLANG_WARN_INT_CONVERSION = YES;
				CLANG_WARN_OBJC_ROOT_CLASS = YES_ERROR;
				CLANG_WARN_UNREACHABLE_CODE = YES;
				CLANG_WARN__DUPLICATE_METHOD_MATCH = YES;
				"CODE_SIGN_IDENTITY[sdk=iphoneos*]" = "iPhone Developer";
				COPY_PHASE_STRIP = NO;
				DEBUG_INFORMATION_FORMAT = "dwarf-with-dsym";
				ENABLE_STRICT_OBJC_MSGSEND = YES;
				GCC_C_LANGUAGE_STANDARD = gnu99;
				GCC_DYNAMIC_NO_PIC = NO;
				GCC_NO_COMMON_BLOCKS = YES;
				GCC_OPTIMIZATION_LEVEL = 0;
				GCC_PREPROCESSOR_DEFINITIONS = (
					"DEBUG=1",
					"$(inherited)",
				);
				GCC_SYMBOLS_PRIVATE_EXTERN = NO;
				GCC_WARN_64_TO_32_BIT_CONVERSION = YES;
				GCC_WARN_ABOUT_RETURN_TYPE = YES_ERROR;
				GCC_WARN_UNDECLARED_SELECTOR = YES;
				GCC_WARN_UNINITIALIZED_AUTOS = YES_AGGRESSIVE;
				GCC_WARN_UNUSED_FUNCTION = YES;
				GCC_WARN_UNUSED_VARIABLE = YES;
				IPHONEOS_DEPLOYMENT_TARGET = 8.3;
				MTL_ENABLE_DEBUG_INFO = YES;
				ONLY_ACTIVE_ARCH = YES;
				SDKROOT = iphoneos;
				SWIFT_OPTIMIZATION_LEVEL = "-Onone";
				TARGETED_DEVICE_FAMILY = "1,2";
			};
			name = Debug;
		};
		8902F4851B294345002D6CAA /* Release */ = {
			isa = XCBuildConfiguration;
			buildSettings = {
				ALWAYS_SEARCH_USER_PATHS = NO;
				CLANG_CXX_LANGUAGE_STANDARD = "gnu++0x";
				CLANG_CXX_LIBRARY = "libc++";
				CLANG_ENABLE_MODULES = YES;
				CLANG_ENABLE_OBJC_ARC = YES;
				CLANG_WARN_BOOL_CONVERSION = YES;
				CLANG_WARN_CONSTANT_CONVERSION = YES;
				CLANG_WARN_DIRECT_OBJC_ISA_USAGE = YES_ERROR;
				CLANG_WARN_EMPTY_BODY = YES;
				CLANG_WARN_ENUM_CONVERSION = YES;
				CLANG_WARN_INT_CONVERSION = YES;
				CLANG_WARN_OBJC_ROOT_CLASS = YES_ERROR;
				CLANG_WARN_UNREACHABLE_CODE = YES;
				CLANG_WARN__DUPLICATE_METHOD_MATCH = YES;
				"CODE_SIGN_IDENTITY[sdk=iphoneos*]" = "iPhone Developer";
				COPY_PHASE_STRIP = NO;
				DEBUG_INFORMATION_FORMAT = "dwarf-with-dsym";
				ENABLE_NS_ASSERTIONS = NO;
				ENABLE_STRICT_OBJC_MSGSEND = YES;
				GCC_C_LANGUAGE_STANDARD = gnu99;
				GCC_NO_COMMON_BLOCKS = YES;
				GCC_WARN_64_TO_32_BIT_CONVERSION = YES;
				GCC_WARN_ABOUT_RETURN_TYPE = YES_ERROR;
				GCC_WARN_UNDECLARED_SELECTOR = YES;
				GCC_WARN_UNINITIALIZED_AUTOS = YES_AGGRESSIVE;
				GCC_WARN_UNUSED_FUNCTION = YES;
				GCC_WARN_UNUSED_VARIABLE = YES;
				IPHONEOS_DEPLOYMENT_TARGET = 8.3;
				MTL_ENABLE_DEBUG_INFO = NO;
				SDKROOT = iphoneos;
				TARGETED_DEVICE_FAMILY = "1,2";
				VALIDATE_PRODUCT = YES;
			};
			name = Release;
		};
		8902F4871B294345002D6CAA /* Debug */ = {
			isa = XCBuildConfiguration;
			buildSettings = {
				ASSETCATALOG_COMPILER_APPICON_NAME = AppIcon;
				INFOPLIST_FILE = "smart switch hub/Info.plist";
				LD_RUNPATH_SEARCH_PATHS = "$(inherited) @executable_path/Frameworks";
				PRODUCT_NAME = "$(TARGET_NAME)";
			};
			name = Debug;
		};
		8902F4881B294345002D6CAA /* Release */ = {
			isa = XCBuildConfiguration;
			buildSettings = {
				ASSETCATALOG_COMPILER_APPICON_NAME = AppIcon;
				INFOPLIST_FILE = "smart switch hub/Info.plist";
				LD_RUNPATH_SEARCH_PATHS = "$(inherited) @executable_path/Frameworks";
				PRODUCT_NAME = "$(TARGET_NAME)";
			};
			name = Release;
		};
		8902F48A1B294345002D6CAA /* Debug */ = {
			isa = XCBuildConfiguration;
			buildSettings = {
				BUNDLE_LOADER = "$(TEST_HOST)";
				FRAMEWORK_SEARCH_PATHS = (
					"$(SDKROOT)/Developer/Library/Frameworks",
					"$(inherited)",
				);
				GCC_PREPROCESSOR_DEFINITIONS = (
					"DEBUG=1",
					"$(inherited)",
				);
				INFOPLIST_FILE = "smart switch hubTests/Info.plist";
				LD_RUNPATH_SEARCH_PATHS = "$(inherited) @executable_path/Frameworks @loader_path/Frameworks";
				PRODUCT_NAME = "$(TARGET_NAME)";
				TEST_HOST = "$(BUILT_PRODUCTS_DIR)/smart switch hub.app/smart switch hub";
			};
			name = Debug;
		};
		8902F48B1B294345002D6CAA /* Release */ = {
			isa = XCBuildConfiguration;
			buildSettings = {
				BUNDLE_LOADER = "$(TEST_HOST)";
				FRAMEWORK_SEARCH_PATHS = (
					"$(SDKROOT)/Developer/Library/Frameworks",
					"$(inherited)",
				);
				INFOPLIST_FILE = "smart switch hubTests/Info.plist";
				LD_RUNPATH_SEARCH_PATHS = "$(inherited) @executable_path/Frameworks @loader_path/Frameworks";
				PRODUCT_NAME = "$(TARGET_NAME)";
				TEST_HOST = "$(BUILT_PRODUCTS_DIR)/smart switch hub.app/smart switch hub";
			};
			name = Release;
		};
/* End XCBuildConfiguration section */

/* Begin XCConfigurationList section */
		8902F45F1B294345002D6CAA /* Build configuration list for PBXProject "smart switch hub" */ = {
			isa = XCConfigurationList;
			buildConfigurations = (
				8902F4841B294345002D6CAA /* Debug */,
				8902F4851B294345002D6CAA /* Release */,
			);
			defaultConfigurationIsVisible = 0;
			defaultConfigurationName = Release;
		};
		8902F4861B294345002D6CAA /* Build configuration list for PBXNativeTarget "smart switch hub" */ = {
			isa = XCConfigurationList;
			buildConfigurations = (
				8902F4871B294345002D6CAA /* Debug */,
				8902F4881B294345002D6CAA /* Release */,
			);
			defaultConfigurationIsVisible = 0;
		};
		8902F4891B294345002D6CAA /* Build configuration list for PBXNativeTarget "smart switch hubTests" */ = {
			isa = XCConfigurationList;
			buildConfigurations = (
				8902F48A1B294345002D6CAA /* Debug */,
				8902F48B1B294345002D6CAA /* Release */,
			);
			defaultConfigurationIsVisible = 0;
		};
/* End XCConfigurationList section */

/* Begin XCVersionGroup section */
		8902F46B1B294345002D6CAA /* smart_switch_hub.xcdatamodeld */ = {
			isa = XCVersionGroup;
			children = (
				8902F46C1B294345002D6CAA /* smart_switch_hub.xcdatamodel */,
			);
			currentVersion = 8902F46C1B294345002D6CAA /* smart_switch_hub.xcdatamodel */;
			path = smart_switch_hub.xcdatamodeld;
			sourceTree = "<group>";
			versionGroupType = wrapper.xcdatamodel;
		};
/* End XCVersionGroup section */
	};
	rootObject = 8902F45C1B294345002D6CAA /* Project object */;
}
